{
  "name": "Sistema_Vohk",
  "lockfileVersion": 2,
  "requires": true,
  "packages": {
    "": {
      "dependencies": {
        "hls.js": "^1.5.6"
      }
    },
    "node_modules/hls.js": {
      "version": "1.5.6",
      "resolved": "https://registry.npmjs.org/hls.js/-/hls.js-1.5.6.tgz",
      "integrity": "sha512-rmlaIEfLuSwqRtYLeTk30ebYli5qNK2urdkEcqYoBezRpV+MFHhZnMX77lHWW+EMjNlwr2sx2apfqq54E3yXnA=="
    }
  },
  "dependencies": {
    "hls.js": {
      "version": "1.5.6",
      "resolved": "https://registry.npmjs.org/hls.js/-/hls.js-1.5.6.tgz",
      "integrity": "sha512-rmlaIEfLuSwqRtYLeTk30ebYli5qNK2urdkEcqYoBezRpV+MFHhZnMX77lHWW+EMjNlwr2sx2apfqq54E3yXnA=="
    }
  }
}
